
Microsoft Visual Studio Solution File, Format Version 12.00
# Visual Studio Version 17
VisualStudioVersion = 17.0.31903.59
MinimumVisualStudioVersion = 10.0.40219.1
Project("{2150E333-8FDC-42A3-9474-1A3956D46DE8}") = "src", "src", "{910F62CC-A201-4CC3-B5D9-15255286AECC}"
EndProject
Project("{FAE04EC0-301F-11D3-BF4B-00C04F79EFBC}") = "Catalog.Api", "src\Catalog.Api\Catalog.Api.csproj", "{22231D45-7CA8-4E07-B867-C9321C8E1761}"
EndProject
Project("{FAE04EC0-301F-11D3-BF4B-00C04F79EFBC}") = "Catalog.Domain", "src\Catalog.Domain\Catalog.Domain.csproj", "{4A24C959-B3FF-4F07-BD03-4410500DAEAA}"
EndProject
Project("{FAE04EC0-301F-11D3-BF4B-00C04F79EFBC}") = "Catalog.Contracts", "src\Catalog.Contracts\Catalog.Contracts.csproj", "{CBC18268-0D4B-4F82-9CBA-F62987A69798}"
EndProject
Global
	GlobalSection(SolutionConfigurationPlatforms) = preSolution
		Debug|Any CPU = Debug|Any CPU
		Release|Any CPU = Release|Any CPU
	EndGlobalSection
	GlobalSection(SolutionProperties) = preSolution
		HideSolutionNode = FALSE
	EndGlobalSection
	GlobalSection(ProjectConfigurationPlatforms) = postSolution
		{22231D45-7CA8-4E07-B867-C9321C8E1761}.Debug|Any CPU.ActiveCfg = Debug|Any CPU
		{22231D45-7CA8-4E07-B867-C9321C8E1761}.Debug|Any CPU.Build.0 = Debug|Any CPU
		{22231D45-7CA8-4E07-B867-C9321C8E1761}.Release|Any CPU.ActiveCfg = Release|Any CPU
		{22231D45-7CA8-4E07-B867-C9321C8E1761}.Release|Any CPU.Build.0 = Release|Any CPU
		{4A24C959-B3FF-4F07-BD03-4410500DAEAA}.Debug|Any CPU.ActiveCfg = Debug|Any CPU
		{4A24C959-B3FF-4F07-BD03-4410500DAEAA}.Debug|Any CPU.Build.0 = Debug|Any CPU
		{4A24C959-B3FF-4F07-BD03-4410500DAEAA}.Release|Any CPU.ActiveCfg = Release|Any CPU
		{4A24C959-B3FF-4F07-BD03-4410500DAEAA}.Release|Any CPU.Build.0 = Release|Any CPU
		{CBC18268-0D4B-4F82-9CBA-F62987A69798}.Debug|Any CPU.ActiveCfg = Debug|Any CPU
		{CBC18268-0D4B-4F82-9CBA-F62987A69798}.Debug|Any CPU.Build.0 = Debug|Any CPU
		{CBC18268-0D4B-4F82-9CBA-F62987A69798}.Release|Any CPU.ActiveCfg = Release|Any CPU
		{CBC18268-0D4B-4F82-9CBA-F62987A69798}.Release|Any CPU.Build.0 = Release|Any CPU
	EndGlobalSection
	GlobalSection(NestedProjects) = preSolution
		{22231D45-7CA8-4E07-B867-C9321C8E1761} = {910F62CC-A201-4CC3-B5D9-15255286AECC}
		{4A24C959-B3FF-4F07-BD03-4410500DAEAA} = {910F62CC-A201-4CC3-B5D9-15255286AECC}
		{CBC18268-0D4B-4F82-9CBA-F62987A69798} = {910F62CC-A201-4CC3-B5D9-15255286AECC}
	EndGlobalSection
EndGlobal
